
Microsoft Visual Studio Solution File, Format Version 12.00
# Visual Studio 2015
Project("{FAE04EC0-301F-11D3-BF4B-00C04F79EFBC}") = "TowerDefense3D.Plugins", "TowerDefense3D.Plugins.csproj", "{DD39B98E-4079-5F20-7F0D-95311ADD3392}"
EndProject
Project("{FAE04EC0-301F-11D3-BF4B-00C04F79EFBC}") = "TowerDefense3D", "TowerDefense3D.csproj", "{5F70FAF6-0F6F-D0DD-FC38-9EFCE4730E4E}"
EndProject
Project("{FAE04EC0-301F-11D3-BF4B-00C04F79EFBC}") = "TowerDefense3D.Editor", "TowerDefense3D.Editor.csproj", "{D08AC4A6-03EA-5C9C-B6CF-D6965238DB8B}"
EndProject
Global
	GlobalSection(SolutionConfigurationPlatforms) = preSolution
		Debug|Any CPU = Debug|Any CPU
		Release|Any CPU = Release|Any CPU
	EndGlobalSection
	GlobalSection(ProjectConfigurationPlatforms) = postSolution
		{DD39B98E-4079-5F20-7F0D-95311ADD3392}.Debug|Any CPU.ActiveCfg = Debug|Any CPU
		{DD39B98E-4079-5F20-7F0D-95311ADD3392}.Debug|Any CPU.Build.0 = Debug|Any CPU
		{DD39B98E-4079-5F20-7F0D-95311ADD3392}.Release|Any CPU.ActiveCfg = Release|Any CPU
		{DD39B98E-4079-5F20-7F0D-95311ADD3392}.Release|Any CPU.Build.0 = Release|Any CPU
		{5F70FAF6-0F6F-D0DD-FC38-9EFCE4730E4E}.Debug|Any CPU.ActiveCfg = Debug|Any CPU
		{5F70FAF6-0F6F-D0DD-FC38-9EFCE4730E4E}.Debug|Any CPU.Build.0 = Debug|Any CPU
		{5F70FAF6-0F6F-D0DD-FC38-9EFCE4730E4E}.Release|Any CPU.ActiveCfg = Release|Any CPU
		{5F70FAF6-0F6F-D0DD-FC38-9EFCE4730E4E}.Release|Any CPU.Build.0 = Release|Any CPU
		{D08AC4A6-03EA-5C9C-B6CF-D6965238DB8B}.Debug|Any CPU.ActiveCfg = Debug|Any CPU
		{D08AC4A6-03EA-5C9C-B6CF-D6965238DB8B}.Debug|Any CPU.Build.0 = Debug|Any CPU
		{D08AC4A6-03EA-5C9C-B6CF-D6965238DB8B}.Release|Any CPU.ActiveCfg = Release|Any CPU
		{D08AC4A6-03EA-5C9C-B6CF-D6965238DB8B}.Release|Any CPU.Build.0 = Release|Any CPU
	EndGlobalSection
	GlobalSection(SolutionProperties) = preSolution
		HideSolutionNode = FALSE
	EndGlobalSection
EndGlobal
